// !$*UTF8*$!
{
	archiveVersion = 1;
	classes = {
	};
	objectVersion = 46;
	objects = {

/* Begin PBXBuildFile section */
		4EBBD54E1C7338530042C0D7 /* main.cpp in Sources */ = {isa = PBXBuildFile; fileRef = 4EBBD54D1C7338530042C0D7 /* main.cpp */; };
		4EBBD5561C73387C0042C0D7 /* buffer.cpp in Sources */ = {isa = PBXBuildFile; fileRef = 4EBBD5541C73387C0042C0D7 /* buffer.cpp */; };
		4EBBD5591C745A210042C0D7 /* dynacBuffer.cpp in Sources */ = {isa = PBXBuildFile; fileRef = 4EBBD5571C745A210042C0D7 /* dynacBuffer.cpp */; };
/* End PBXBuildFile section */

/* Begin PBXCopyFilesBuildPhase section */
		4EBBD5481C7338530042C0D7 /* CopyFiles */ = {
			isa = PBXCopyFilesBuildPhase;
			buildActionMask = 2147483647;
			dstPath = /usr/share/man/man1/;
			dstSubfolderSpec = 0;
			files = (
			);
			runOnlyForDeploymentPostprocessing = 1;
		};
/* End PBXCopyFilesBuildPhase section */

/* Begin PBXFileReference section */
		4EBBD54A1C7338530042C0D7 /* buffers */ = {isa = PBXFileReference; explicitFileType = "compiled.mach-o.executable"; includeInIndex = 0; path = buffers; sourceTree = BUILT_PRODUCTS_DIR; };
		4EBBD54D1C7338530042C0D7 /* main.cpp */ = {isa = PBXFileReference; lastKnownFileType = sourcecode.cpp.cpp; path = main.cpp; sourceTree = "<group>"; };
		4EBBD5541C73387C0042C0D7 /* buffer.cpp */ = {isa = PBXFileReference; fileEncoding = 4; lastKnownFileType = sourcecode.cpp.cpp; path = buffer.cpp; sourceTree = "<group>"; };
		4EBBD5551C73387C0042C0D7 /* buffer.h */ = {isa = PBXFileReference; fileEncoding = 4; lastKnownFileType = sourcecode.c.h; path = buffer.h; sourceTree = "<group>"; };
		4EBBD5571C745A210042C0D7 /* dynacBuffer.cpp */ = {isa = PBXFileReference; fileEncoding = 4; lastKnownFileType = sourcecode.cpp.cpp; path = dynacBuffer.cpp; sourceTree = "<group>"; };
		4EBBD5581C745A210042C0D7 /* dynacBuffer.h */ = {isa = PBXFileReference; fileEncoding = 4; lastKnownFileType = sourcecode.c.h; path = dynacBuffer.h; sourceTree = "<group>"; };
/* End PBXFileReference section */

/* Begin PBXFrameworksBuildPhase section */
		4EBBD5471C7338530042C0D7 /* Frameworks */ = {
			isa = PBXFrameworksBuildPhase;
			buildActionMask = 2147483647;
			files = (
			);
			runOnlyForDeploymentPostprocessing = 0;
		};
/* End PBXFrameworksBuildPhase section */

/* Begin PBXGroup section */
		4EBBD5411C7338530042C0D7 = {
			isa = PBXGroup;
			children = (
				4EBBD54C1C7338530042C0D7 /* buffers */,
				4EBBD54B1C7338530042C0D7 /* Products */,
			);
			sourceTree = "<group>";
		};
		4EBBD54B1C7338530042C0D7 /* Products */ = {
			isa = PBXGroup;
			children = (
				4EBBD54A1C7338530042C0D7 /* buffers */,
			);
			name = Products;
			sourceTree = "<group>";
		};
		4EBBD54C1C7338530042C0D7 /* buffers */ = {
			isa = PBXGroup;
			children = (
				4EBBD54D1C7338530042C0D7 /* main.cpp */,
				4EBBD5541C73387C0042C0D7 /* buffer.cpp */,
				4EBBD5551C73387C0042C0D7 /* buffer.h */,
				4EBBD5571C745A210042C0D7 /* dynacBuffer.cpp */,
				4EBBD5581C745A210042C0D7 /* dynacBuffer.h */,
			);
			path = buffers;
			sourceTree = "<group>";
		};
/* End PBXGroup section */

/* Begin PBXNativeTarget section */
		4EBBD5491C7338530042C0D7 /* buffers */ = {
			isa = PBXNativeTarget;
			buildConfigurationList = 4EBBD5511C7338530042C0D7 /* Build configuration list for PBXNativeTarget "buffers" */;
			buildPhases = (
				4EBBD5461C7338530042C0D7 /* Sources */,
				4EBBD5471C7338530042C0D7 /* Frameworks */,
				4EBBD5481C7338530042C0D7 /* CopyFiles */,
			);
			buildRules = (
			);
			dependencies = (
			);
			name = buffers;
			productName = buffers;
			productReference = 4EBBD54A1C7338530042C0D7 /* buffers */;
			productType = "com.apple.product-type.tool";
		};
/* End PBXNativeTarget section */

/* Begin PBXProject section */
		4EBBD5421C7338530042C0D7 /* Project object */ = {
			isa = PBXProject;
			attributes = {
				LastUpgradeCheck = 0720;
				ORGANIZATIONNAME = ciskavriezenga;
				TargetAttributes = {
					4EBBD5491C7338530042C0D7 = {
						CreatedOnToolsVersion = 7.2.1;
					};
				};
			};
			buildConfigurationList = 4EBBD5451C7338530042C0D7 /* Build configuration list for PBXProject "buffers" */;
			compatibilityVersion = "Xcode 3.2";
			developmentRegion = English;
			hasScannedForEncodings = 0;
			knownRegions = (
				en,
			);
			mainGroup = 4EBBD5411C7338530042C0D7;
			productRefGroup = 4EBBD54B1C7338530042C0D7 /* Products */;
			projectDirPath = "";
			projectRoot = "";
			targets = (
				4EBBD5491C7338530042C0D7 /* buffers */,
			);
		};
/* End PBXProject section */

/* Begin PBXSourcesBuildPhase section */
		4EBBD5461C7338530042C0D7 /* Sources */ = {
			isa = PBXSourcesBuildPhase;
			buildActionMask = 2147483647;
			files = (
				4EBBD54E1C7338530042C0D7 /* main.cpp in Sources */,
				4EBBD5561C73387C0042C0D7 /* buffer.cpp in Sources */,
				4EBBD5591C745A210042C0D7 /* dynacBuffer.cpp in Sources */,
			);
			runOnlyForDeploymentPostprocessing = 0;
		};
/* End PBXSourcesBuildPhase section */

/* Begin XCBuildConfiguration section */
		4EBBD54F1C7338530042C0D7 /* Debug */ = {
			isa = XCBuildConfiguration;
			buildSettings = {
				ALWAYS_SEARCH_USER_PATHS = NO;
				CLANG_CXX_LANGUAGE_STANDARD = "gnu++0x";
				CLANG_CXX_LIBRARY = "libc++";
				CLANG_ENABLE_MODULES = YES;
				CLANG_ENABLE_OBJC_ARC = YES;
				CLANG_WARN_BOOL_CONVERSION = YES;
				CLANG_WARN_CONSTANT_CONVERSION = YES;
				CLANG_WARN_DIRECT_OBJC_ISA_USAGE = YES_ERROR;
				CLANG_WARN_EMPTY_BODY = YES;
				CLANG_WARN_ENUM_CONVERSION = YES;
				CLANG_WARN_INT_CONVERSION = YES;
				CLANG_WARN_OBJC_ROOT_CLASS = YES_ERROR;
				CLANG_WARN_UNREACHABLE_CODE = YES;
				CLANG_WARN__DUPLICATE_METHOD_MATCH = YES;
				CODE_SIGN_IDENTITY = "-";
				COPY_PHASE_STRIP = NO;
				DEBUG_INFORMATION_FORMAT = dwarf;
				ENABLE_STRICT_OBJC_MSGSEND = YES;
				ENABLE_TESTABILITY = YES;
				GCC_C_LANGUAGE_STANDARD = gnu99;
				GCC_DYNAMIC_NO_PIC = NO;
				GCC_NO_COMMON_BLOCKS = YES;
				GCC_OPTIMIZATION_LEVEL = 0;
				GCC_PREPROCESSOR_DEFINITIONS = (
					"DEBUG=1",
					"$(inherited)",
				);
				GCC_WARN_64_TO_32_BIT_CONVERSION = YES;
				GCC_WARN_ABOUT_RETURN_TYPE = YES_ERROR;
				GCC_WARN_UNDECLARED_SELECTOR = YES;
				GCC_WARN_UNINITIALIZED_AUTOS = YES_AGGRESSIVE;
				GCC_WARN_UNUSED_FUNCTION = YES;
				GCC_WARN_UNUSED_VARIABLE = YES;
				MACOSX_DEPLOYMENT_TARGET = 10.10;
				MTL_ENABLE_DEBUG_INFO = YES;
				ONLY_ACTIVE_ARCH = YES;
				SDKROOT = macosx;
			};
			name = Debug;
		};
		4EBBD5501C7338530042C0D7 /* Release */ = {
			isa = XCBuildConfiguration;
			buildSettings = {
				ALWAYS_SEARCH_USER_PATHS = NO;
				CLANG_CXX_LANGUAGE_STANDARD = "gnu++0x";
				CLANG_CXX_LIBRARY = "libc++";
				CLANG_ENABLE_MODULES = YES;
				CLANG_ENABLE_OBJC_ARC = YES;
				CLANG_WARN_BOOL_CONVERSION = YES;
				CLANG_WARN_CONSTANT_CONVERSION = YES;
				CLANG_WARN_DIRECT_OBJC_ISA_USAGE = YES_ERROR;
				CLANG_WARN_EMPTY_BODY = YES;
				CLANG_WARN_ENUM_CONVERSION = YES;
				CLANG_WARN_INT_CONVERSION = YES;
				CLANG_WARN_OBJC_ROOT_CLASS = YES_ERROR;
				CLANG_WARN_UNREACHABLE_CODE = YES;
				CLANG_WARN__DUPLICATE_METHOD_MATCH = YES;
				CODE_SIGN_IDENTITY = "-";
				COPY_PHASE_STRIP = NO;
				DEBUG_INFORMATION_FORMAT = "dwarf-with-dsym";
				ENABLE_NS_ASSERTIONS = NO;
				ENABLE_STRICT_OBJC_MSGSEND = YES;
				GCC_C_LANGUAGE_STANDARD = gnu99;
				GCC_NO_COMMON_BLOCKS = YES;
				GCC_WARN_64_TO_32_BIT_CONVERSION = YES;
				GCC_WARN_ABOUT_RETURN_TYPE = YES_ERROR;
				GCC_WARN_UNDECLARED_SELECTOR = YES;
				GCC_WARN_UNINITIALIZED_AUTOS = YES_AGGRESSIVE;
				GCC_WARN_UNUSED_FUNCTION = YES;
				GCC_WARN_UNUSED_VARIABLE = YES;
				MACOSX_DEPLOYMENT_TARGET = 10.10;
				MTL_ENABLE_DEBUG_INFO = NO;
				SDKROOT = macosx;
			};
			name = Release;
		};
		4EBBD5521C7338530042C0D7 /* Debug */ = {
			isa = XCBuildConfiguration;
			buildSettings = {
				PRODUCT_NAME = "$(TARGET_NAME)";
			};
			name = Debug;
		};
		4EBBD5531C7338530042C0D7 /* Release */ = {
			isa = XCBuildConfiguration;
			buildSettings = {
				PRODUCT_NAME = "$(TARGET_NAME)";
			};
			name = Release;
		};
/* End XCBuildConfiguration section */

/* Begin XCConfigurationList section */
		4EBBD5451C7338530042C0D7 /* Build configuration list for PBXProject "buffers" */ = {
			isa = XCConfigurationList;
			buildConfigurations = (
				4EBBD54F1C7338530042C0D7 /* Debug */,
				4EBBD5501C7338530042C0D7 /* Release */,
			);
			defaultConfigurationIsVisible = 0;
			defaultConfigurationName = Release;
		};
		4EBBD5511C7338530042C0D7 /* Build configuration list for PBXNativeTarget "buffers" */ = {
			isa = XCConfigurationList;
			buildConfigurations = (
				4EBBD5521C7338530042C0D7 /* Debug */,
				4EBBD5531C7338530042C0D7 /* Release */,
			);
			defaultConfigurationIsVisible = 0;
		};
/* End XCConfigurationList section */
	};
	rootObject = 4EBBD5421C7338530042C0D7 /* Project object */;
}
